// !$*UTF8*$!
{
	archiveVersion = 1;
	classes = {
	};
	objectVersion = 48;
	objects = {

/* Begin PBXBuildFile section */
		29448A101F91EB20004E1D45 /* AppDelegate.swift in Sources */ = {isa = PBXBuildFile; fileRef = 29448A0F1F91EB20004E1D45 /* AppDelegate.swift */; };
		29448A151F91EB20004E1D45 /* Main.storyboard in Resources */ = {isa = PBXBuildFile; fileRef = 29448A131F91EB20004E1D45 /* Main.storyboard */; };
		29448A181F91EB20004E1D45 /* guess_ios.xcdatamodeld in Sources */ = {isa = PBXBuildFile; fileRef = 29448A161F91EB20004E1D45 /* guess_ios.xcdatamodeld */; };
		29448A1A1F91EB20004E1D45 /* Assets.xcassets in Resources */ = {isa = PBXBuildFile; fileRef = 29448A191F91EB20004E1D45 /* Assets.xcassets */; };
		29448A1D1F91EB20004E1D45 /* LaunchScreen.storyboard in Resources */ = {isa = PBXBuildFile; fileRef = 29448A1B1F91EB20004E1D45 /* LaunchScreen.storyboard */; };
		29448A281F91EB20004E1D45 /* guess_iosTests.swift in Sources */ = {isa = PBXBuildFile; fileRef = 29448A271F91EB20004E1D45 /* guess_iosTests.swift */; };
		29448A331F91EB20004E1D45 /* guess_iosUITests.swift in Sources */ = {isa = PBXBuildFile; fileRef = 29448A321F91EB20004E1D45 /* guess_iosUITests.swift */; };
		294D4F581F9209EE00B5BB3A /* CollectionViewController.swift in Sources */ = {isa = PBXBuildFile; fileRef = 294D4F571F9209EE00B5BB3A /* CollectionViewController.swift */; };
/* End PBXBuildFile section */

/* Begin PBXContainerItemProxy section */
		29448A241F91EB20004E1D45 /* PBXContainerItemProxy */ = {
			isa = PBXContainerItemProxy;
			containerPortal = 29448A041F91EB20004E1D45 /* Project object */;
			proxyType = 1;
			remoteGlobalIDString = 29448A0B1F91EB20004E1D45;
			remoteInfo = guess_ios;
		};
		29448A2F1F91EB20004E1D45 /* PBXContainerItemProxy */ = {
			isa = PBXContainerItemProxy;
			containerPortal = 29448A041F91EB20004E1D45 /* Project object */;
			proxyType = 1;
			remoteGlobalIDString = 29448A0B1F91EB20004E1D45;
			remoteInfo = guess_ios;
		};
/* End PBXContainerItemProxy section */

/* Begin PBXFileReference section */
		29448A0C1F91EB20004E1D45 /* guess_ios.app */ = {isa = PBXFileReference; explicitFileType = wrapper.application; includeInIndex = 0; path = guess_ios.app; sourceTree = BUILT_PRODUCTS_DIR; };
		29448A0F1F91EB20004E1D45 /* AppDelegate.swift */ = {isa = PBXFileReference; lastKnownFileType = sourcecode.swift; path = AppDelegate.swift; sourceTree = "<group>"; };
		29448A141F91EB20004E1D45 /* Base */ = {isa = PBXFileReference; lastKnownFileType = file.storyboard; name = Base; path = Base.lproj/Main.storyboard; sourceTree = "<group>"; };
		29448A171F91EB20004E1D45 /* guess_ios.xcdatamodel */ = {isa = PBXFileReference; lastKnownFileType = wrapper.xcdatamodel; path = guess_ios.xcdatamodel; sourceTree = "<group>"; };
		29448A191F91EB20004E1D45 /* Assets.xcassets */ = {isa = PBXFileReference; lastKnownFileType = folder.assetcatalog; path = Assets.xcassets; sourceTree = "<group>"; };
		29448A1C1F91EB20004E1D45 /* Base */ = {isa = PBXFileReference; lastKnownFileType = file.storyboard; name = Base; path = Base.lproj/LaunchScreen.storyboard; sourceTree = "<group>"; };
		29448A1E1F91EB20004E1D45 /* Info.plist */ = {isa = PBXFileReference; lastKnownFileType = text.plist.xml; path = Info.plist; sourceTree = "<group>"; };
		29448A231F91EB20004E1D45 /* guess_iosTests.xctest */ = {isa = PBXFileReference; explicitFileType = wrapper.cfbundle; includeInIndex = 0; path = guess_iosTests.xctest; sourceTree = BUILT_PRODUCTS_DIR; };
		29448A271F91EB20004E1D45 /* guess_iosTests.swift */ = {isa = PBXFileReference; lastKnownFileType = sourcecode.swift; path = guess_iosTests.swift; sourceTree = "<group>"; };
		29448A291F91EB20004E1D45 /* Info.plist */ = {isa = PBXFileReference; lastKnownFileType = text.plist.xml; path = Info.plist; sourceTree = "<group>"; };
		29448A2E1F91EB20004E1D45 /* guess_iosUITests.xctest */ = {isa = PBXFileReference; explicitFileType = wrapper.cfbundle; includeInIndex = 0; path = guess_iosUITests.xctest; sourceTree = BUILT_PRODUCTS_DIR; };
		29448A321F91EB20004E1D45 /* guess_iosUITests.swift */ = {isa = PBXFileReference; lastKnownFileType = sourcecode.swift; path = guess_iosUITests.swift; sourceTree = "<group>"; };
		29448A341F91EB20004E1D45 /* Info.plist */ = {isa = PBXFileReference; lastKnownFileType = text.plist.xml; path = Info.plist; sourceTree = "<group>"; };
		294D4F571F9209EE00B5BB3A /* CollectionViewController.swift */ = {isa = PBXFileReference; lastKnownFileType = sourcecode.swift; path = CollectionViewController.swift; sourceTree = "<group>"; };
/* End PBXFileReference section */

/* Begin PBXFrameworksBuildPhase section */
		29448A091F91EB20004E1D45 /* Frameworks */ = {
			isa = PBXFrameworksBuildPhase;
			buildActionMask = 2147483647;
			files = (
			);
			runOnlyForDeploymentPostprocessing = 0;
		};
		29448A201F91EB20004E1D45 /* Frameworks */ = {
			isa = PBXFrameworksBuildPhase;
			buildActionMask = 2147483647;
			files = (
			);
			runOnlyForDeploymentPostprocessing = 0;
		};
		29448A2B1F91EB20004E1D45 /* Frameworks */ = {
			isa = PBXFrameworksBuildPhase;
			buildActionMask = 2147483647;
			files = (
			);
			runOnlyForDeploymentPostprocessing = 0;
		};
/* End PBXFrameworksBuildPhase section */

/* Begin PBXGroup section */
		29448A031F91EB20004E1D45 = {
			isa = PBXGroup;
			children = (
				29448A0E1F91EB20004E1D45 /* guess_ios */,
				29448A261F91EB20004E1D45 /* guess_iosTests */,
				29448A311F91EB20004E1D45 /* guess_iosUITests */,
				29448A0D1F91EB20004E1D45 /* Products */,
			);
			sourceTree = "<group>";
		};
		29448A0D1F91EB20004E1D45 /* Products */ = {
			isa = PBXGroup;
			children = (
				29448A0C1F91EB20004E1D45 /* guess_ios.app */,
				29448A231F91EB20004E1D45 /* guess_iosTests.xctest */,
				29448A2E1F91EB20004E1D45 /* guess_iosUITests.xctest */,
			);
			name = Products;
			sourceTree = "<group>";
		};
		29448A0E1F91EB20004E1D45 /* guess_ios */ = {
			isa = PBXGroup;
			children = (
				294D4F571F9209EE00B5BB3A /* CollectionViewController.swift */,
				29448A0F1F91EB20004E1D45 /* AppDelegate.swift */,
				29448A131F91EB20004E1D45 /* Main.storyboard */,
				29448A191F91EB20004E1D45 /* Assets.xcassets */,
				29448A1B1F91EB20004E1D45 /* LaunchScreen.storyboard */,
				29448A1E1F91EB20004E1D45 /* Info.plist */,
				29448A161F91EB20004E1D45 /* guess_ios.xcdatamodeld */,
			);
			path = guess_ios;
			sourceTree = "<group>";
		};
		29448A261F91EB20004E1D45 /* guess_iosTests */ = {
			isa = PBXGroup;
			children = (
				29448A271F91EB20004E1D45 /* guess_iosTests.swift */,
				29448A291F91EB20004E1D45 /* Info.plist */,
			);
			path = guess_iosTests;
			sourceTree = "<group>";
		};
		29448A311F91EB20004E1D45 /* guess_iosUITests */ = {
			isa = PBXGroup;
			children = (
				29448A321F91EB20004E1D45 /* guess_iosUITests.swift */,
				29448A341F91EB20004E1D45 /* Info.plist */,
			);
			path = guess_iosUITests;
			sourceTree = "<group>";
		};
/* End PBXGroup section */

/* Begin PBXNativeTarget section */
		29448A0B1F91EB20004E1D45 /* guess_ios */ = {
			isa = PBXNativeTarget;
			buildConfigurationList = 29448A371F91EB20004E1D45 /* Build configuration list for PBXNativeTarget "guess_ios" */;
			buildPhases = (
				29448A081F91EB20004E1D45 /* Sources */,
				29448A091F91EB20004E1D45 /* Frameworks */,
				29448A0A1F91EB20004E1D45 /* Resources */,
			);
			buildRules = (
			);
			dependencies = (
			);
			name = guess_ios;
			productName = guess_ios;
			productReference = 29448A0C1F91EB20004E1D45 /* guess_ios.app */;
			productType = "com.apple.product-type.application";
		};
		29448A221F91EB20004E1D45 /* guess_iosTests */ = {
			isa = PBXNativeTarget;
			buildConfigurationList = 29448A3A1F91EB20004E1D45 /* Build configuration list for PBXNativeTarget "guess_iosTests" */;
			buildPhases = (
				29448A1F1F91EB20004E1D45 /* Sources */,
				29448A201F91EB20004E1D45 /* Frameworks */,
				29448A211F91EB20004E1D45 /* Resources */,
			);
			buildRules = (
			);
			dependencies = (
				29448A251F91EB20004E1D45 /* PBXTargetDependency */,
			);
			name = guess_iosTests;
			productName = guess_iosTests;
			productReference = 29448A231F91EB20004E1D45 /* guess_iosTests.xctest */;
			productType = "com.apple.product-type.bundle.unit-test";
		};
		29448A2D1F91EB20004E1D45 /* guess_iosUITests */ = {
			isa = PBXNativeTarget;
			buildConfigurationList = 29448A3D1F91EB20004E1D45 /* Build configuration list for PBXNativeTarget "guess_iosUITests" */;
			buildPhases = (
				29448A2A1F91EB20004E1D45 /* Sources */,
				29448A2B1F91EB20004E1D45 /* Frameworks */,
				29448A2C1F91EB20004E1D45 /* Resources */,
			);
			buildRules = (
			);
			dependencies = (
				29448A301F91EB20004E1D45 /* PBXTargetDependency */,
			);
			name = guess_iosUITests;
			productName = guess_iosUITests;
			productReference = 29448A2E1F91EB20004E1D45 /* guess_iosUITests.xctest */;
			productType = "com.apple.product-type.bundle.ui-testing";
		};
/* End PBXNativeTarget section */

/* Begin PBXProject section */
		29448A041F91EB20004E1D45 /* Project object */ = {
			isa = PBXProject;
			attributes = {
				LastSwiftUpdateCheck = 0900;
				LastUpgradeCheck = 0900;
				ORGANIZATIONNAME = O_Kenta;
				TargetAttributes = {
					29448A0B1F91EB20004E1D45 = {
						CreatedOnToolsVersion = 9.0;
						ProvisioningStyle = Automatic;
					};
					29448A221F91EB20004E1D45 = {
						CreatedOnToolsVersion = 9.0;
						ProvisioningStyle = Automatic;
						TestTargetID = 29448A0B1F91EB20004E1D45;
					};
					29448A2D1F91EB20004E1D45 = {
						CreatedOnToolsVersion = 9.0;
						ProvisioningStyle = Automatic;
						TestTargetID = 29448A0B1F91EB20004E1D45;
					};
				};
			};
			buildConfigurationList = 29448A071F91EB20004E1D45 /* Build configuration list for PBXProject "guess_ios" */;
			compatibilityVersion = "Xcode 8.0";
			developmentRegion = en;
			hasScannedForEncodings = 0;
			knownRegions = (
				en,
				Base,
			);
			mainGroup = 29448A031F91EB20004E1D45;
			productRefGroup = 29448A0D1F91EB20004E1D45 /* Products */;
			projectDirPath = "";
			projectRoot = "";
			targets = (
				29448A0B1F91EB20004E1D45 /* guess_ios */,
				29448A221F91EB20004E1D45 /* guess_iosTests */,
				29448A2D1F91EB20004E1D45 /* guess_iosUITests */,
			);
		};
/* End PBXProject section */

/* Begin PBXResourcesBuildPhase section */
		29448A0A1F91EB20004E1D45 /* Resources */ = {
			isa = PBXResourcesBuildPhase;
			buildActionMask = 2147483647;
			files = (
				29448A1D1F91EB20004E1D45 /* LaunchScreen.storyboard in Resources */,
				29448A1A1F91EB20004E1D45 /* Assets.xcassets in Resources */,
				29448A151F91EB20004E1D45 /* Main.storyboard in Resources */,
			);
			runOnlyForDeploymentPostprocessing = 0;
		};
		29448A211F91EB20004E1D45 /* Resources */ = {
			isa = PBXResourcesBuildPhase;
			buildActionMask = 2147483647;
			files = (
			);
			runOnlyForDeploymentPostprocessing = 0;
		};
		29448A2C1F91EB20004E1D45 /* Resources */ = {
			isa = PBXResourcesBuildPhase;
			buildActionMask = 2147483647;
			files = (
			);
			runOnlyForDeploymentPostprocessing = 0;
		};
/* End PBXResourcesBuildPhase section */

/* Begin PBXSourcesBuildPhase section */
		29448A081F91EB20004E1D45 /* Sources */ = {
			isa = PBXSourcesBuildPhase;
			buildActionMask = 2147483647;
			files = (
				294D4F581F9209EE00B5BB3A /* CollectionViewController.swift in Sources */,
				29448A181F91EB20004E1D45 /* guess_ios.xcdatamodeld in Sources */,
				29448A101F91EB20004E1D45 /* AppDelegate.swift in Sources */,
			);
			runOnlyForDeploymentPostprocessing = 0;
		};
		29448A1F1F91EB20004E1D45 /* Sources */ = {
			isa = PBXSourcesBuildPhase;
			buildActionMask = 2147483647;
			files = (
				29448A281F91EB20004E1D45 /* guess_iosTests.swift in Sources */,
			);
			runOnlyForDeploymentPostprocessing = 0;
		};
		29448A2A1F91EB20004E1D45 /* Sources */ = {
			isa = PBXSourcesBuildPhase;
			buildActionMask = 2147483647;
			files = (
				29448A331F91EB20004E1D45 /* guess_iosUITests.swift in Sources */,
			);
			runOnlyForDeploymentPostprocessing = 0;
		};
/* End PBXSourcesBuildPhase section */

/* Begin PBXTargetDependency section */
		29448A251F91EB20004E1D45 /* PBXTargetDependency */ = {
			isa = PBXTargetDependency;
			target = 29448A0B1F91EB20004E1D45 /* guess_ios */;
			targetProxy = 29448A241F91EB20004E1D45 /* PBXContainerItemProxy */;
		};
		29448A301F91EB20004E1D45 /* PBXTargetDependency */ = {
			isa = PBXTargetDependency;
			target = 29448A0B1F91EB20004E1D45 /* guess_ios */;
			targetProxy = 29448A2F1F91EB20004E1D45 /* PBXContainerItemProxy */;
		};
/* End PBXTargetDependency section */

/* Begin PBXVariantGroup section */
		29448A131F91EB20004E1D45 /* Main.storyboard */ = {
			isa = PBXVariantGroup;
			children = (
				29448A141F91EB20004E1D45 /* Base */,
			);
			name = Main.storyboard;
			sourceTree = "<group>";
		};
		29448A1B1F91EB20004E1D45 /* LaunchScreen.storyboard */ = {
			isa = PBXVariantGroup;
			children = (
				29448A1C1F91EB20004E1D45 /* Base */,
			);
			name = LaunchScreen.storyboard;
			sourceTree = "<group>";
		};
/* End PBXVariantGroup section */

/* Begin XCBuildConfiguration section */
		29448A351F91EB20004E1D45 /* Debug */ = {
			isa = XCBuildConfiguration;
			buildSettings = {
				ALWAYS_SEARCH_USER_PATHS = NO;
				CLANG_ANALYZER_NONNULL = YES;
				CLANG_ANALYZER_NUMBER_OBJECT_CONVERSION = YES_AGGRESSIVE;
				CLANG_CXX_LANGUAGE_STANDARD = "gnu++14";
				CLANG_CXX_LIBRARY = "libc++";
				CLANG_ENABLE_MODULES = YES;
				CLANG_ENABLE_OBJC_ARC = YES;
				CLANG_WARN_BLOCK_CAPTURE_AUTORELEASING = YES;
				CLANG_WARN_BOOL_CONVERSION = YES;
				CLANG_WARN_COMMA = YES;
				CLANG_WARN_CONSTANT_CONVERSION = YES;
				CLANG_WARN_DIRECT_OBJC_ISA_USAGE = YES_ERROR;
				CLANG_WARN_DOCUMENTATION_COMMENTS = YES;
				CLANG_WARN_EMPTY_BODY = YES;
				CLANG_WARN_ENUM_CONVERSION = YES;
				CLANG_WARN_INFINITE_RECURSION = YES;
				CLANG_WARN_INT_CONVERSION = YES;
				CLANG_WARN_NON_LITERAL_NULL_CONVERSION = YES;
				CLANG_WARN_OBJC_LITERAL_CONVERSION = YES;
				CLANG_WARN_OBJC_ROOT_CLASS = YES_ERROR;
				CLANG_WARN_RANGE_LOOP_ANALYSIS = YES;
				CLANG_WARN_STRICT_PROTOTYPES = YES;
				CLANG_WARN_SUSPICIOUS_MOVE = YES;
				CLANG_WARN_UNGUARDED_AVAILABILITY = YES_AGGRESSIVE;
				CLANG_WARN_UNREACHABLE_CODE = YES;
				CLANG_WARN__DUPLICATE_METHOD_MATCH = YES;
				CODE_SIGN_IDENTITY = "iPhone Developer";
				COPY_PHASE_STRIP = NO;
				DEBUG_INFORMATION_FORMAT = dwarf;
				ENABLE_STRICT_OBJC_MSGSEND = YES;
				ENABLE_TESTABILITY = YES;
				GCC_C_LANGUAGE_STANDARD = gnu11;
				GCC_DYNAMIC_NO_PIC = NO;
				GCC_NO_COMMON_BLOCKS = YES;
				GCC_OPTIMIZATION_LEVEL = 0;
				GCC_PREPROCESSOR_DEFINITIONS = (
					"DEBUG=1",
					"$(inherited)",
				);
				GCC_WARN_64_TO_32_BIT_CONVERSION = YES;
				GCC_WARN_ABOUT_RETURN_TYPE = YES_ERROR;
				GCC_WARN_UNDECLARED_SELECTOR = YES;
				GCC_WARN_UNINITIALIZED_AUTOS = YES_AGGRESSIVE;
				GCC_WARN_UNUSED_FUNCTION = YES;
				GCC_WARN_UNUSED_VARIABLE = YES;
				IPHONEOS_DEPLOYMENT_TARGET = 11.0;
				MTL_ENABLE_DEBUG_INFO = YES;
				ONLY_ACTIVE_ARCH = YES;
				SDKROOT = iphoneos;
				SWIFT_ACTIVE_COMPILATION_CONDITIONS = DEBUG;
				SWIFT_OPTIMIZATION_LEVEL = "-Onone";
			};
			name = Debug;
		};
		29448A361F91EB20004E1D45 /* Release */ = {
			isa = XCBuildConfiguration;
			buildSettings = {
				ALWAYS_SEARCH_USER_PATHS = NO;
				CLANG_ANALYZER_NONNULL = YES;
				CLANG_ANALYZER_NUMBER_OBJECT_CONVERSION = YES_AGGRESSIVE;
				CLANG_CXX_LANGUAGE_STANDARD = "gnu++14";
				CLANG_CXX_LIBRARY = "libc++";
				CLANG_ENABLE_MODULES = YES;
				CLANG_ENABLE_OBJC_ARC = YES;
				CLANG_WARN_BLOCK_CAPTURE_AUTORELEASING = YES;
				CLANG_WARN_BOOL_CONVERSION = YES;
				CLANG_WARN_COMMA = YES;
				CLANG_WARN_CONSTANT_CONVERSION = YES;
				CLANG_WARN_DIRECT_OBJC_ISA_USAGE = YES_ERROR;
				CLANG_WARN_DOCUMENTATION_COMMENTS = YES;
				CLANG_WARN_EMPTY_BODY = YES;
				CLANG_WARN_ENUM_CONVERSION = YES;
				CLANG_WARN_INFINITE_RECURSION = YES;
				CLANG_WARN_INT_CONVERSION = YES;
				CLANG_WARN_NON_LITERAL_NULL_CONVERSION = YES;
				CLANG_WARN_OBJC_LITERAL_CONVERSION = YES;
				CLANG_WARN_OBJC_ROOT_CLASS = YES_ERROR;
				CLANG_WARN_RANGE_LOOP_ANALYSIS = YES;
				CLANG_WARN_STRICT_PROTOTYPES = YES;
				CLANG_WARN_SUSPICIOUS_MOVE = YES;
				CLANG_WARN_UNGUARDED_AVAILABILITY = YES_AGGRESSIVE;
				CLANG_WARN_UNREACHABLE_CODE = YES;
				CLANG_WARN__DUPLICATE_METHOD_MATCH = YES;
				CODE_SIGN_IDENTITY = "iPhone Developer";
				COPY_PHASE_STRIP = NO;
				DEBUG_INFORMATION_FORMAT = "dwarf-with-dsym";
				ENABLE_NS_ASSERTIONS = NO;
				ENABLE_STRICT_OBJC_MSGSEND = YES;
				GCC_C_LANGUAGE_STANDARD = gnu11;
				GCC_NO_COMMON_BLOCKS = YES;
				GCC_WARN_64_TO_32_BIT_CONVERSION = YES;
				GCC_WARN_ABOUT_RETURN_TYPE = YES_ERROR;
				GCC_WARN_UNDECLARED_SELECTOR = YES;
				GCC_WARN_UNINITIALIZED_AUTOS = YES_AGGRESSIVE;
				GCC_WARN_UNUSED_FUNCTION = YES;
				GCC_WARN_UNUSED_VARIABLE = YES;
				IPHONEOS_DEPLOYMENT_TARGET = 11.0;
				MTL_ENABLE_DEBUG_INFO = NO;
				SDKROOT = iphoneos;
				SWIFT_OPTIMIZATION_LEVEL = "-Owholemodule";
				VALIDATE_PRODUCT = YES;
			};
			name = Release;
		};
		29448A381F91EB20004E1D45 /* Debug */ = {
			isa = XCBuildConfiguration;
			buildSettings = {
				ASSETCATALOG_COMPILER_APPICON_NAME = AppIcon;
				CODE_SIGN_STYLE = Automatic;
				INFOPLIST_FILE = guess_ios/Info.plist;
				LD_RUNPATH_SEARCH_PATHS = "$(inherited) @executable_path/Frameworks";
				PRODUCT_BUNDLE_IDENTIFIER = "net.test.guess-ios";
				PRODUCT_NAME = "$(TARGET_NAME)";
				SWIFT_VERSION = 4.0;
				TARGETED_DEVICE_FAMILY = "1,2";
			};
			name = Debug;
		};
		29448A391F91EB20004E1D45 /* Release */ = {
			isa = XCBuildConfiguration;
			buildSettings = {
				ASSETCATALOG_COMPILER_APPICON_NAME = AppIcon;
				CODE_SIGN_STYLE = Automatic;
				INFOPLIST_FILE = guess_ios/Info.plist;
				LD_RUNPATH_SEARCH_PATHS = "$(inherited) @executable_path/Frameworks";
				PRODUCT_BUNDLE_IDENTIFIER = "net.test.guess-ios";
				PRODUCT_NAME = "$(TARGET_NAME)";
				SWIFT_VERSION = 4.0;
				TARGETED_DEVICE_FAMILY = "1,2";
			};
			name = Release;
		};
		29448A3B1F91EB20004E1D45 /* Debug */ = {
			isa = XCBuildConfiguration;
			buildSettings = {
				ALWAYS_EMBED_SWIFT_STANDARD_LIBRARIES = YES;
				BUNDLE_LOADER = "$(TEST_HOST)";
				CODE_SIGN_STYLE = Automatic;
				INFOPLIST_FILE = guess_iosTests/Info.plist;
				LD_RUNPATH_SEARCH_PATHS = "$(inherited) @executable_path/Frameworks @loader_path/Frameworks";
				PRODUCT_BUNDLE_IDENTIFIER = "net.test.guess-iosTests";
				PRODUCT_NAME = "$(TARGET_NAME)";
				SWIFT_VERSION = 4.0;
				TARGETED_DEVICE_FAMILY = "1,2";
				TEST_HOST = "$(BUILT_PRODUCTS_DIR)/guess_ios.app/guess_ios";
			};
			name = Debug;
		};
		29448A3C1F91EB20004E1D45 /* Release */ = {
			isa = XCBuildConfiguration;
			buildSettings = {
				ALWAYS_EMBED_SWIFT_STANDARD_LIBRARIES = YES;
				BUNDLE_LOADER = "$(TEST_HOST)";
				CODE_SIGN_STYLE = Automatic;
				INFOPLIST_FILE = guess_iosTests/Info.plist;
				LD_RUNPATH_SEARCH_PATHS = "$(inherited) @executable_path/Frameworks @loader_path/Frameworks";
				PRODUCT_BUNDLE_IDENTIFIER = "net.test.guess-iosTests";
				PRODUCT_NAME = "$(TARGET_NAME)";
				SWIFT_VERSION = 4.0;
				TARGETED_DEVICE_FAMILY = "1,2";
				TEST_HOST = "$(BUILT_PRODUCTS_DIR)/guess_ios.app/guess_ios";
			};
			name = Release;
		};
		29448A3E1F91EB20004E1D45 /* Debug */ = {
			isa = XCBuildConfiguration;
			buildSettings = {
				ALWAYS_EMBED_SWIFT_STANDARD_LIBRARIES = YES;
				CODE_SIGN_STYLE = Automatic;
				INFOPLIST_FILE = guess_iosUITests/Info.plist;
				LD_RUNPATH_SEARCH_PATHS = "$(inherited) @executable_path/Frameworks @loader_path/Frameworks";
				PRODUCT_BUNDLE_IDENTIFIER = "net.test.guess-iosUITests";
				PRODUCT_NAME = "$(TARGET_NAME)";
				SWIFT_VERSION = 4.0;
				TARGETED_DEVICE_FAMILY = "1,2";
				TEST_TARGET_NAME = guess_ios;
			};
			name = Debug;
		};
		29448A3F1F91EB20004E1D45 /* Release */ = {
			isa = XCBuildConfiguration;
			buildSettings = {
				ALWAYS_EMBED_SWIFT_STANDARD_LIBRARIES = YES;
				CODE_SIGN_STYLE = Automatic;
				INFOPLIST_FILE = guess_iosUITests/Info.plist;
				LD_RUNPATH_SEARCH_PATHS = "$(inherited) @executable_path/Frameworks @loader_path/Frameworks";
				PRODUCT_BUNDLE_IDENTIFIER = "net.test.guess-iosUITests";
				PRODUCT_NAME = "$(TARGET_NAME)";
				SWIFT_VERSION = 4.0;
				TARGETED_DEVICE_FAMILY = "1,2";
				TEST_TARGET_NAME = guess_ios;
			};
			name = Release;
		};
/* End XCBuildConfiguration section */

/* Begin XCConfigurationList section */
		29448A071F91EB20004E1D45 /* Build configuration list for PBXProject "guess_ios" */ = {
			isa = XCConfigurationList;
			buildConfigurations = (
				29448A351F91EB20004E1D45 /* Debug */,
				29448A361F91EB20004E1D45 /* Release */,
			);
			defaultConfigurationIsVisible = 0;
			defaultConfigurationName = Release;
		};
		29448A371F91EB20004E1D45 /* Build configuration list for PBXNativeTarget "guess_ios" */ = {
			isa = XCConfigurationList;
			buildConfigurations = (
				29448A381F91EB20004E1D45 /* Debug */,
				29448A391F91EB20004E1D45 /* Release */,
			);
			defaultConfigurationIsVisible = 0;
			defaultConfigurationName = Release;
		};
		29448A3A1F91EB20004E1D45 /* Build configuration list for PBXNativeTarget "guess_iosTests" */ = {
			isa = XCConfigurationList;
			buildConfigurations = (
				29448A3B1F91EB20004E1D45 /* Debug */,
				29448A3C1F91EB20004E1D45 /* Release */,
			);
			defaultConfigurationIsVisible = 0;
			defaultConfigurationName = Release;
		};
		29448A3D1F91EB20004E1D45 /* Build configuration list for PBXNativeTarget "guess_iosUITests" */ = {
			isa = XCConfigurationList;
			buildConfigurations = (
				29448A3E1F91EB20004E1D45 /* Debug */,
				29448A3F1F91EB20004E1D45 /* Release */,
			);
			defaultConfigurationIsVisible = 0;
			defaultConfigurationName = Release;
		};
/* End XCConfigurationList section */

/* Begin XCVersionGroup section */
		29448A161F91EB20004E1D45 /* guess_ios.xcdatamodeld */ = {
			isa = XCVersionGroup;
			children = (
				29448A171F91EB20004E1D45 /* guess_ios.xcdatamodel */,
			);
			currentVersion = 29448A171F91EB20004E1D45 /* guess_ios.xcdatamodel */;
			path = guess_ios.xcdatamodeld;
			sourceTree = "<group>";
			versionGroupType = wrapper.xcdatamodel;
		};
/* End XCVersionGroup section */
	};
	rootObject = 29448A041F91EB20004E1D45 /* Project object */;
}
